github.com/BurntSushi/toml v1.6.0 h1:dRaEfpa2VI55EwlIW72hMRHdWouJeRF7TPYhI+AUQjk=
github.com/BurntSushi/toml v1.6.0/go.mod h1:ukJfTF/6rtPPRCnwkur4qwRxa8vTRFBF0uk2lLoLwho=
github.com/aws/aws-sdk-go-v2 v1.47.0 h1:0jsHallhJCeaU0Ko48c/3FK1ctOQ7NpzggxriJOQ8MQ=
github.com/aws/aws-sdk-go-v2 v1.47.0/go.mod h1:bttEH6JqnUL8LepvDVfdrds/fZ5bCIxzpe3abyUrhDU=
github.com/aws/aws-sdk-go-v2/config v1.33.4 h1:FzvkXKSzwqHni4U7nDigHg4jjtqMpVUuHgmZfSoJVQ0=
github.com/aws/aws-sdk-go-v2/config v1.33.4/go.mod h1:VZqGZnZsCWVfK/iGPptJIyNIX3XEX6iQU2Rel4sLrr8=
github.com/aws/aws-sdk-go-v2/credentials v1.20.4 h1:hTvrJJseKbvw32kmiE0G+u/9ZqpqscjDrTigHIXP2qs=
github.com/aws/aws-sdk-go-v2/credentials v1.20.4/go.mod h1:gWp9O1ZBWwpcIrgV+mVHk4gZUurAEDkgypu/OXOlIaw=
github.com/aws/aws-sdk-go-v2/feature/ec2/imds v1.20.0 h1:AM4hHjww+PSFtt6E+UrBrPlZkWsePCLEt9AjkfQX+yM=
github.com/aws/aws-sdk-go-v2/feature/ec2/imds v1.20.0/go.mod h1:3x/yXezeQjpOvBb4jEMxrS8SXvpdvJ5abv6l5c1gWM8=
github.com/aws/aws-sdk-go-v2/internal/configsources v1.5.3 h1:Hp/VgjP0BysR3OgLlR057Vz2LcbbVnoWeJ+3qWiS/fY=
github.com/aws/aws-sdk-go-v2/internal/configsources v1.5.3/go.mod h1:nwGV5qw7F1IZPgxCvA/ph8N2TAuz+BkRG/bXn808qMA=
github.com/aws/aws-sdk-go-v2/internal/endpoints/v2 v2.8.3 h1:MUaM4f+kj1ZIBPZfUS8cxP1GKXXZtHJjAthy93AN7SM=
github.com/aws/aws-sdk-go-v2/internal/endpoints/v2 v2.8.3/go.mod h1:6YmVmEVRI5ZZzRjCSsb9SryKH0hAlMRdgA7kG9aDvBU=
github.com/aws/aws-sdk-go-v2/internal/v4a v1.5.3 h1:fuSCw4Z2qfRCztMPO3GXJNSiEp6Wee+WOLwrHHUMy9c=
github.com/aws/aws-sdk-go-v2/internal/v4a v1.5.3/go.mod h1:6SxcHheD1pPR5+kWm1wGvjlL/YqUsh267sAfEmN4K7A=
github.com/aws/aws-sdk-go-v2/service/ec2 v1.321.0 h1:XxzwotCCRk2Un1OWcJujk4vAC2OZkGh5l816W1w+Fd8=
github.com/aws/aws-sdk-go-v2/service/ec2 v1.321.0/go.mod h1:Gi5mEHpABbT34fHwafgyxqrIte9oHUEHscusPBYEdHA=
github.com/aws/aws-sdk-go-v2/service/internal/accept-encoding v1.13.19 h1:bAdDl/HkGCcGPoe25ToSHEw23VIxt6CT5fLcg111BKg=
github.com/aws/aws-sdk-go-v2/service/internal/accept-encoding v1.13.19/go.mod h1:KaUzbLxv4CeSxh6ZCl9B4m7CuFenS8kUEaDs+f/DQr4=
github.com/aws/aws-sdk-go-v2/service/internal/presigned-url v1.14.3 h1:bON1rJf67TSTDCKg816AAIE4xSTtoo9tl0XRkO72R+I=
github.com/aws/aws-sdk-go-v2/service/internal/presigned-url v1.14.3/go.mod h1:c5BBpjJcQXpfeq9iASyVKA3T6vX6B6LEXY4mL/gklDY=
github.com/aws/aws-sdk-go-v2/service/signin v1.10.0 h1:ZD5qFpWcaOKdTuhBi431pIDkCgrMkMlMT6jlpSPoIRI=
github.com/aws/aws-sdk-go-v2/service/signin v1.10.0/go.mod h1:8Nuuf+tR346PjJ3MvZPh9pekbLiLQFWJhzMXfwy7alA=
github.com/aws/aws-sdk-go-v2/service/ssm v1.73.4 h1:+QpoNtGPwN5o4VjM4UWs2a6sr1EpWB+9/y6oM4L0KTo=
github.com/aws/aws-sdk-go-v2/service/ssm v1.73.4/go.mod h1:i4v4VFk+bLmZfg8WIZbuZluLsQj6SXHX6uZrCv3UcQY=
github.com/aws/aws-sdk-go-v2/service/sso v1.38.0 h1:JGeeBcMlhg1xtOXYpeCaTQBZObtXMPQCUqBcmr65NRA=
github.com/aws/aws-sdk-go-v2/service/sso v1.38.0/go.mod h1:XwteswG9EOMRFm73UT0t+MbTwyLxMrEXkU6e+v92Lzo=
github.com/aws/aws-sdk-go-v2/service/ssooidc v1.43.0 h1:obhahQXDEdVEv8y5bTKXR30LVaxYe1kyYM0L7l2Iq+k=
github.com/aws/aws-sdk-go-v2/service/ssooidc v1.43.0/go.mod h1:6twZZ/aXHNy1vXUO8koUbp++MYzMASkOgEBdkbJYmO0=
github.com/aws/aws-sdk-go-v2/service/sts v1.50.0 h1:khXV3+K5D3f4e8xtplaRdSFn1bEg3gj5EBHQvbCOZbQ=
github.com/aws/aws-sdk-go-v2/service/sts v1.50.0/go.mod h1:/8JRcdTt//hG0Q4BTmGbuOplT7ABe+5rdtqUHqXvYIM=
github.com/aws/smithy-go v1.28.1 h1:R/nXH00c8qcfCzQVELtRw+eLQWtzv+VAIEFJ1/xxXlQ=
github.com/aws/smithy-go v1.28.1/go.mod h1:YE2RhdIuDbA5E5bTdciG9KrW3+TiEONeUWCqxX9i1Fc=
github.com/aymanbagabas/go-osc52/v2 v2.0.1 h1:HwpRHbFMcZLEVr42D4p7XBqjyuxQH5SMiErDT4WkJ2k=
github.com/aymanbagabas/go-osc52/v2 v2.0.1/go.mod h1:uYgXzlJ7ZpABp8OJ+exZzJJhRNQ2ASbcXHWsFqH8hp8=
github.com/charmbracelet/bubbletea v1.3.6 h1:VkHIxPJQeDt0aFJIsVxw8BQdh/F/L2KKZGsK6et5taU=
github.com/charmbracelet/bubbletea v1.3.6/go.mod h1:oQD9VCRQFF8KplacJLo28/jofOI2ToOfGYeFgBBxHOc=
github.com/charmbracelet/colorprofile v0.2.3-0.20250311203215-f60798e515dc h1:4pZI35227imm7yK2bGPcfpFEmuY1gc2YSTShr4iJBfs=
github.com/charmbracelet/colorprofile v0.2.3-0.20250311203215-f60798e515dc/go.mod h1:X4/0JoqgTIPSFcRA/P6INZzIuyqdFY5rm8tb41s9okk=
github.com/charmbracelet/lipgloss v1.1.0 h1:vYXsiLHVkK7fp74RkV7b2kq9+zDLoEU4MZoFqR/noCY=
github.com/charmbracelet/lipgloss v1.1.0/go.mod h1:/6Q8FR2o+kj8rz4Dq0zQc3vYf7X+B0binUUBwA0aL30=
github.com/charmbracelet/x/ansi v0.9.3 h1:BXt5DHS/MKF+LjuK4huWrC6NCvHtexww7dMayh6GXd0=
github.com/charmbracelet/x/ansi v0.9.3/go.mod h1:3RQDQ6lDnROptfpWuUVIUG64bD2g2BgntdxH0Ya5TeE=
github.com/charmbracelet/x/cellbuf v0.0.13-0.20250311204145-2c3ea96c31dd h1:vy0GVL4jeHEwG5YOXDmi86oYw2yuYUGqz6a8sLwg0X8=
github.com/charmbracelet/x/cellbuf v0.0.13-0.20250311204145-2c3ea96c31dd/go.mod h1:xe0nKWGd3eJgtqZRaN9RjMtK7xUYchjzPr7q6kcvCCs=
github.com/charmbracelet/x/term v0.2.1 h1:AQeHeLZ1OqSXhrAWpYUtZyX1T3zVxfpZuEQMIQaGIAQ=
github.com/charmbracelet/x/term v0.2.1/go.mod h1:oQ4enTYFV7QN4m0i9mzHrViD7TQKvNEEkHUMCmsxdUg=
github.com/cpuguy83/go-md2man/v2 v2.0.6/go.mod h1:oOW0eioCTA6cOiMLiUPZOpcVxMig6NIQQ7OS05n1F4g=
github.com/erikgeiser/coninput v0.0.0-20211004153227-1c3628e74d0f h1:Y/CXytFA4m6baUTXGLOoWe4PQhGxaX0KpnayAqC48p4=
github.com/erikgeiser/coninput v0.0.0-20211004153227-1c3628e74d0f/go.mod h1:vw97MGsxSvLiUE2X8qFplwetxpGLQrlU1Q9AUEIzCaM=
github.com/inconshreveable/mousetrap v1.1.0 h1:wN+x4NVGpMsO7ErUn/mUI3vEoE6Jt13X2s0bqwp9tc8=
github.com/inconshreveable/mousetrap v1.1.0/go.mod h1:vpF70FUmC8bwa3OWnCshd2FqLfsEA9PFc4w1p2J65bw=
github.com/lucasb-eyer/go-colorful v1.2.0 h1:1nnpGOrhyZZuNyfu1QjKiUICQ74+3FNCN69Aj6K7nkY=
github.com/lucasb-eyer/go-colorful v1.2.0/go.mod h1:R4dSotOR9KMtayYi1e77YzuveK+i7ruzyGqttikkLy0=
github.com/mattn/go-isatty v0.0.20 h1:xfD0iDuEKnDkl03q4limB+vH+GxLEtL/jb4xVJSWWEY=
github.com/mattn/go-isatty v0.0.20/go.mod h1:W+V8PltTTMOvKvAeJH7IuucS94S2C6jfK/D7dTCTo3Y=
github.com/mattn/go-localereader v0.0.1 h1:ygSAOl7ZXTx4RdPYinUpg6W99U8jWvWi9Ye2JC/oIi4=
github.com/mattn/go-localereader v0.0.1/go.mod h1:8fBrzywKY7BI3czFoHkuzRoWE9C+EiG4R1k4Cjx5p88=
github.com/mattn/go-runewidth v0.0.16 h1:E5ScNMtiwvlvB5paMFdw9p4kSQzbXFikJ5SQO6TULQc=
github.com/mattn/go-runewidth v0.0.16/go.mod h1:Jdepj2loyihRzMpdS35Xk/zdY8IAYHsh153qUoGf23w=
github.com/muesli/ansi v0.0.0-20230316100256-276c6243b2f6 h1:ZK8zHtRHOkbHy6Mmr5D264iyp3TiX5OmNcI5cIARiQI=
github.com/muesli/ansi v0.0.0-20230316100256-276c6243b2f6/go.mod h1:CJlz5H+gyd6CUWT45Oy4q24RdLyn7Md9Vj2/ldJBSIo=
github.com/muesli/cancelreader v0.2.2 h1:3I4Kt4BQjOR54NavqnDogx/MIoWBFa0StPA8ELUXHmA=
github.com/muesli/cancelreader v0.2.2/go.mod h1:3XuTXfFS2VjM+HTLZY9Ak0l6eUKfijIfMUZ4EgX0QYo=
github.com/muesli/termenv v0.16.0 h1:S5AlUN9dENB57rsbnkPyfdGuWIlkmzJjbFf0Tf5FWUc=
github.com/muesli/termenv v0.16.0/go.mod h1:ZRfOIKPFDYQoDFF4Olj7/QJbW60Ol/kL1pU3VfY/Cnk=
github.com/rivo/uniseg v0.2.0/go.mod h1:J6wj4VEh+S6ZtnVlnTBMWIodfgj8LQOQFoIToxlJtxc=
github.com/rivo/uniseg v0.4.7 h1:WUdvkW8uEhrYfLC4ZzdpI2ztxP1I582+49Oc5Mq64VQ=
github.com/rivo/uniseg v0.4.7/go.mod h1:FN3SvrM+Zdj16jyLfmOkMNblXMcoc8DfTHruCPUcx88=
github.com/russross/blackfriday/v2 v2.1.0/go.mod h1:+Rmxgy9KzJVeS9/2gXHxylqXiyQDYRxCVz55jmeOWTM=
github.com/spf13/cobra v1.10.2 h1:DMTTonx5m65Ic0GOoRY2c16WCbHxOOw6xxezuLaBpcU=
github.com/spf13/cobra v1.10.2/go.mod h1:7C1pvHqHw5A4vrJfjNwvOdzYu0Gml16OCs2GRiTUUS4=
github.com/spf13/pflag v1.0.9 h1:9exaQaMOCwffKiiiYk6/BndUBv+iRViNW+4lEMi0PvY=
github.com/spf13/pflag v1.0.9/go.mod h1:McXfInJRrz4CZXVZOBLb0bTZqETkiAhM9Iw0y3An2Bg=
github.com/xo/terminfo v0.0.0-20220910002029-abceb7e1c41e h1:JVG44RsyaB9T2KIHavMF/ppJZNG9ZpyihvCd0w101no=
github.com/xo/terminfo v0.0.0-20220910002029-abceb7e1c41e/go.mod h1:RbqR21r5mrJuqunuUZ/Dhy/avygyECGrLceyNeo4LiM=
go.yaml.in/yaml/v3 v3.0.4/go.mod h1:DhzuOOF2ATzADvBadXxruRBLzYTpT36CKvDb3+aBEFg=
golang.org/x/exp v0.0.0-20220909182711-5c715a9e8561 h1:MDc5xs78ZrZr3HMQugiXOAkSZtfTpbJLDr/lwfgO53E=
golang.org/x/exp v0.0.0-20220909182711-5c715a9e8561/go.mod h1:cyybsKvd6eL0RnXn6p/Grxp8F5bW7iYuBgsNCOHpMYE=
golang.org/x/sync v0.15.0 h1:KWH3jNZsfyT6xfAfKiz6MRNmd46ByHDYaZ7KSkCtdW8=
golang.org/x/sync v0.15.0/go.mod h1:1dzgHSNfp02xaA81J2MS99Qcpr2w7fw1gpm99rleRqA=
golang.org/x/sys v0.0.0-20210809222454-d867a43fc93e/go.mod h1:oPkhp1MJrh7nUepCBck5+mAzfO9JrbApNNgaTdGDITg=
golang.org/x/sys v0.6.0/go.mod h1:oPkhp1MJrh7nUepCBck5+mAzfO9JrbApNNgaTdGDITg=
golang.org/x/sys v0.33.0 h1:q3i8TbbEz+JRD9ywIRlyRAQbM0qF7hu24q3teo2hbuw=
golang.org/x/sys v0.33.0/go.mod h1:BJP2sWEmIv4KK5OTEluFJCKSidICx8ciO85XgH3Ak8k=
golang.org/x/text v0.3.8 h1:nAL+RVCQ9uMn3vJZbV+MRnydTJFPf8qqY42YiA6MrqY=
golang.org/x/text v0.3.8/go.mod h1:E6s5w1FMmriuDzIBO73fBruAKo1PCIq6d2Q6DHfQ8WQ=
gopkg.in/check.v1 v0.0.0-20161208181325-20d25e280405/go.mod h1:Co6ibVJAznAaIkqp8huTwlJQCZ016jof/cbN4VW5Yz0=
